
Microsoft Visual Studio Solution File, Format Version 12.00
# Visual Studio 15
VisualStudioVersion = 15.0.27428.2037
MinimumVisualStudioVersion = 10.0.40219.1
Project("{FAE04EC0-301F-11D3-BF4B-00C04F79EFBC}") = "YIEternalMIS", "YIEternalMIS\YIEternalMIS.csproj", "{EB03DAFB-48D8-422C-B662-836F20C2B96F}"
EndProject
Project("{FAE04EC0-301F-11D3-BF4B-00C04F79EFBC}") = "YIEternalMIS.Base", "YIEternalMIS.Base\YIEternalMIS.Base.csproj", "{30307677-4803-467B-8945-2640CF38DFB3}"
EndProject
Project("{FAE04EC0-301F-11D3-BF4B-00C04F79EFBC}") = "YIEternalMIS.Library", "YIEternalMIS.Library\YIEternalMIS.Library.csproj", "{6B2F408C-7ACF-4BC3-927A-9584F9E8B034}"
EndProject
Project("{FAE04EC0-301F-11D3-BF4B-00C04F79EFBC}") = "YIEternalMIS.BLL", "YIEternalMIS.BLL\YIEternalMIS.BLL.csproj", "{22F1CDAF-4E42-4A74-9A2D-4F6BD3F77A53}"
EndProject
Project("{FAE04EC0-301F-11D3-BF4B-00C04F79EFBC}") = "YIEternalMIS.Dal", "YIEternalMIS.Dal\YIEternalMIS.Dal.csproj", "{636E8235-F716-4928-9D50-D3B52B33FFA6}"
EndProject
Project("{FAE04EC0-301F-11D3-BF4B-00C04F79EFBC}") = "YIEternalMIS.Model", "YIEternalMIS.Model\YIEternalMIS.Model.csproj", "{4C817C2C-E2BF-4F9F-B53F-1DDE4EFFEB36}"
EndProject
Project("{FAE04EC0-301F-11D3-BF4B-00C04F79EFBC}") = "YIEternalMIS.Common", "Common\YIEternalMIS.Common.csproj", "{50896FA4-272C-403E-BDCA-FE6C07C3ED20}"
EndProject
Project("{FAE04EC0-301F-11D3-BF4B-00C04F79EFBC}") = "YIEternalMIS.Business", "YIEternal.Business\YIEternalMIS.Business.csproj", "{64851D27-4139-4933-95AD-1821E87E3BEE}"
EndProject
Project("{FAE04EC0-301F-11D3-BF4B-00C04F79EFBC}") = "YIEternalMIS.Interfaces", "YIEternalMIS.Interfaces\YIEternalMIS.Interfaces.csproj", "{CDCBF2C8-A840-4362-9AF3-7D47447119B7}"
EndProject
Project("{FAE04EC0-301F-11D3-BF4B-00C04F79EFBC}") = "YIEternalMIS.Main", "YIEternalMIS.Main\YIEternalMIS.Main.csproj", "{D663F469-F533-474C-AACF-3DB11C73D9E2}"
EndProject
Project("{FAE04EC0-301F-11D3-BF4B-00C04F79EFBC}") = "YIEternalMIS.Core", "YIEternal.Core\YIEternalMIS.Core.csproj", "{361F74AD-0C4E-4714-9D7C-D38D4FDBCDC9}"
EndProject
Project("{FAE04EC0-301F-11D3-BF4B-00C04F79EFBC}") = "YIEternalMIS.SystemModule", "YIEternalMIS.SystemModule\YIEternalMIS.SystemModule.csproj", "{B70290F6-0355-4798-AD19-279FBCDFDF5A}"
EndProject
Project("{FAE04EC0-301F-11D3-BF4B-00C04F79EFBC}") = "DBUtility", "DBUtility\DBUtility.csproj", "{0988C62E-247F-471F-A183-DB509C7A3839}"
EndProject
Project("{FAE04EC0-301F-11D3-BF4B-00C04F79EFBC}") = "YIEternalMIS.Tools.SqlConnector", "YIEternalMIS.Tools.SqlConnector\YIEternalMIS.Tools.SqlConnector.csproj", "{B9D9795D-24C1-4D38-8DE5-A7A4C10FF24D}"
EndProject
Project("{FAE04EC0-301F-11D3-BF4B-00C04F79EFBC}") = "AppService", "AppService\AppService.csproj", "{22EDACAC-530E-4383-89CB-FC8CEB4916ED}"
EndProject
Project("{FAE04EC0-301F-11D3-BF4B-00C04F79EFBC}") = "Models", "Models\Models.csproj", "{9D0568A9-A3F3-4AB6-A4A1-CD06FCE731CE}"
EndProject
Project("{2150E333-8FDC-42A3-9474-1A3956D46DE8}") = "01-基础类库", "01-基础类库", "{9CE58834-8D36-43B4-9F24-0224D95FB12F}"
EndProject
Project("{2150E333-8FDC-42A3-9474-1A3956D46DE8}") = "02-业务", "02-业务", "{67EFEC41-4672-4AD4-9686-9933AE22D059}"
EndProject
Project("{2150E333-8FDC-42A3-9474-1A3956D46DE8}") = "04-新业务", "04-新业务", "{4D41D7E2-CE99-44F0-AA01-E1E4792368F8}"
EndProject
Project("{2150E333-8FDC-42A3-9474-1A3956D46DE8}") = "03-系统模块", "03-系统模块", "{A8248CA6-02BF-4B7E-B5D8-0146F29AD8F6}"
EndProject
Project("{FAE04EC0-301F-11D3-BF4B-00C04F79EFBC}") = "WeightManage.Module", "WeightManage.Module\WeightManage.Module.csproj", "{E758C074-E3B5-4B7C-A400-B890E7E0AE0B}"
EndProject
Project("{FAE04EC0-301F-11D3-BF4B-00C04F79EFBC}") = "Utils", "Utils\Utils.csproj", "{FAF834AA-2D6F-40DD-A0CD-C0E771AA3448}"
EndProject
Global
	GlobalSection(SolutionConfigurationPlatforms) = preSolution
		Debug|Any CPU = Debug|Any CPU
		Release|Any CPU = Release|Any CPU
	EndGlobalSection
	GlobalSection(ProjectConfigurationPlatforms) = postSolution
		{EB03DAFB-48D8-422C-B662-836F20C2B96F}.Debug|Any CPU.ActiveCfg = Debug|Any CPU
		{EB03DAFB-48D8-422C-B662-836F20C2B96F}.Debug|Any CPU.Build.0 = Debug|Any CPU
		{EB03DAFB-48D8-422C-B662-836F20C2B96F}.Release|Any CPU.ActiveCfg = Release|Any CPU
		{EB03DAFB-48D8-422C-B662-836F20C2B96F}.Release|Any CPU.Build.0 = Release|Any CPU
		{30307677-4803-467B-8945-2640CF38DFB3}.Debug|Any CPU.ActiveCfg = Debug|Any CPU
		{30307677-4803-467B-8945-2640CF38DFB3}.Debug|Any CPU.Build.0 = Debug|Any CPU
		{30307677-4803-467B-8945-2640CF38DFB3}.Release|Any CPU.ActiveCfg = Release|Any CPU
		{30307677-4803-467B-8945-2640CF38DFB3}.Release|Any CPU.Build.0 = Release|Any CPU
		{6B2F408C-7ACF-4BC3-927A-9584F9E8B034}.Debug|Any CPU.ActiveCfg = Debug|Any CPU
		{6B2F408C-7ACF-4BC3-927A-9584F9E8B034}.Debug|Any CPU.Build.0 = Debug|Any CPU
		{6B2F408C-7ACF-4BC3-927A-9584F9E8B034}.Release|Any CPU.ActiveCfg = Release|Any CPU
		{6B2F408C-7ACF-4BC3-927A-9584F9E8B034}.Release|Any CPU.Build.0 = Release|Any CPU
		{22F1CDAF-4E42-4A74-9A2D-4F6BD3F77A53}.Debug|Any CPU.ActiveCfg = Debug|Any CPU
		{22F1CDAF-4E42-4A74-9A2D-4F6BD3F77A53}.Debug|Any CPU.Build.0 = Debug|Any CPU
		{22F1CDAF-4E42-4A74-9A2D-4F6BD3F77A53}.Release|Any CPU.ActiveCfg = Release|Any CPU
		{22F1CDAF-4E42-4A74-9A2D-4F6BD3F77A53}.Release|Any CPU.Build.0 = Release|Any CPU
		{636E8235-F716-4928-9D50-D3B52B33FFA6}.Debug|Any CPU.ActiveCfg = Debug|Any CPU
		{636E8235-F716-4928-9D50-D3B52B33FFA6}.Debug|Any CPU.Build.0 = Debug|Any CPU
		{636E8235-F716-4928-9D50-D3B52B33FFA6}.Release|Any CPU.ActiveCfg = Release|Any CPU
		{636E8235-F716-4928-9D50-D3B52B33FFA6}.Release|Any CPU.Build.0 = Release|Any CPU
		{4C817C2C-E2BF-4F9F-B53F-1DDE4EFFEB36}.Debug|Any CPU.ActiveCfg = Debug|Any CPU
		{4C817C2C-E2BF-4F9F-B53F-1DDE4EFFEB36}.Debug|Any CPU.Build.0 = Debug|Any CPU
		{4C817C2C-E2BF-4F9F-B53F-1DDE4EFFEB36}.Release|Any CPU.ActiveCfg = Release|Any CPU
		{4C817C2C-E2BF-4F9F-B53F-1DDE4EFFEB36}.Release|Any CPU.Build.0 = Release|Any CPU
		{50896FA4-272C-403E-BDCA-FE6C07C3ED20}.Debug|Any CPU.ActiveCfg = Debug|Any CPU
		{50896FA4-272C-403E-BDCA-FE6C07C3ED20}.Debug|Any CPU.Build.0 = Debug|Any CPU
		{50896FA4-272C-403E-BDCA-FE6C07C3ED20}.Release|Any CPU.ActiveCfg = Release|Any CPU
		{50896FA4-272C-403E-BDCA-FE6C07C3ED20}.Release|Any CPU.Build.0 = Release|Any CPU
		{64851D27-4139-4933-95AD-1821E87E3BEE}.Debug|Any CPU.ActiveCfg = Debug|Any CPU
		{64851D27-4139-4933-95AD-1821E87E3BEE}.Debug|Any CPU.Build.0 = Debug|Any CPU
		{64851D27-4139-4933-95AD-1821E87E3BEE}.Release|Any CPU.ActiveCfg = Release|Any CPU
		{64851D27-4139-4933-95AD-1821E87E3BEE}.Release|Any CPU.Build.0 = Release|Any CPU
		{CDCBF2C8-A840-4362-9AF3-7D47447119B7}.Debug|Any CPU.ActiveCfg = Debug|Any CPU
		{CDCBF2C8-A840-4362-9AF3-7D47447119B7}.Debug|Any CPU.Build.0 = Debug|Any CPU
		{CDCBF2C8-A840-4362-9AF3-7D47447119B7}.Release|Any CPU.ActiveCfg = Release|Any CPU
		{CDCBF2C8-A840-4362-9AF3-7D47447119B7}.Release|Any CPU.Build.0 = Release|Any CPU
		{D663F469-F533-474C-AACF-3DB11C73D9E2}.Debug|Any CPU.ActiveCfg = Debug|Any CPU
		{D663F469-F533-474C-AACF-3DB11C73D9E2}.Debug|Any CPU.Build.0 = Debug|Any CPU
		{D663F469-F533-474C-AACF-3DB11C73D9E2}.Release|Any CPU.ActiveCfg = Release|Any CPU
		{D663F469-F533-474C-AACF-3DB11C73D9E2}.Release|Any CPU.Build.0 = Release|Any CPU
		{361F74AD-0C4E-4714-9D7C-D38D4FDBCDC9}.Debug|Any CPU.ActiveCfg = Debug|Any CPU
		{361F74AD-0C4E-4714-9D7C-D38D4FDBCDC9}.Debug|Any CPU.Build.0 = Debug|Any CPU
		{361F74AD-0C4E-4714-9D7C-D38D4FDBCDC9}.Release|Any CPU.ActiveCfg = Release|Any CPU
		{361F74AD-0C4E-4714-9D7C-D38D4FDBCDC9}.Release|Any CPU.Build.0 = Release|Any CPU
		{B70290F6-0355-4798-AD19-279FBCDFDF5A}.Debug|Any CPU.ActiveCfg = Debug|Any CPU
		{B70290F6-0355-4798-AD19-279FBCDFDF5A}.Debug|Any CPU.Build.0 = Debug|Any CPU
		{B70290F6-0355-4798-AD19-279FBCDFDF5A}.Release|Any CPU.ActiveCfg = Release|Any CPU
		{B70290F6-0355-4798-AD19-279FBCDFDF5A}.Release|Any CPU.Build.0 = Release|Any CPU
		{0988C62E-247F-471F-A183-DB509C7A3839}.Debug|Any CPU.ActiveCfg = Debug|Any CPU
		{0988C62E-247F-471F-A183-DB509C7A3839}.Debug|Any CPU.Build.0 = Debug|Any CPU
		{0988C62E-247F-471F-A183-DB509C7A3839}.Release|Any CPU.ActiveCfg = Release|Any CPU
		{0988C62E-247F-471F-A183-DB509C7A3839}.Release|Any CPU.Build.0 = Release|Any CPU
		{B9D9795D-24C1-4D38-8DE5-A7A4C10FF24D}.Debug|Any CPU.ActiveCfg = Debug|Any CPU
		{B9D9795D-24C1-4D38-8DE5-A7A4C10FF24D}.Debug|Any CPU.Build.0 = Debug|Any CPU
		{B9D9795D-24C1-4D38-8DE5-A7A4C10FF24D}.Release|Any CPU.ActiveCfg = Release|Any CPU
		{B9D9795D-24C1-4D38-8DE5-A7A4C10FF24D}.Release|Any CPU.Build.0 = Release|Any CPU
		{22EDACAC-530E-4383-89CB-FC8CEB4916ED}.Debug|Any CPU.ActiveCfg = Debug|Any CPU
		{22EDACAC-530E-4383-89CB-FC8CEB4916ED}.Debug|Any CPU.Build.0 = Debug|Any CPU
		{22EDACAC-530E-4383-89CB-FC8CEB4916ED}.Release|Any CPU.ActiveCfg = Release|Any CPU
		{22EDACAC-530E-4383-89CB-FC8CEB4916ED}.Release|Any CPU.Build.0 = Release|Any CPU
		{9D0568A9-A3F3-4AB6-A4A1-CD06FCE731CE}.Debug|Any CPU.ActiveCfg = Debug|Any CPU
		{9D0568A9-A3F3-4AB6-A4A1-CD06FCE731CE}.Debug|Any CPU.Build.0 = Debug|Any CPU
		{9D0568A9-A3F3-4AB6-A4A1-CD06FCE731CE}.Release|Any CPU.ActiveCfg = Release|Any CPU
		{9D0568A9-A3F3-4AB6-A4A1-CD06FCE731CE}.Release|Any CPU.Build.0 = Release|Any CPU
		{E758C074-E3B5-4B7C-A400-B890E7E0AE0B}.Debug|Any CPU.ActiveCfg = Debug|Any CPU
		{E758C074-E3B5-4B7C-A400-B890E7E0AE0B}.Debug|Any CPU.Build.0 = Debug|Any CPU
		{E758C074-E3B5-4B7C-A400-B890E7E0AE0B}.Release|Any CPU.ActiveCfg = Release|Any CPU
		{E758C074-E3B5-4B7C-A400-B890E7E0AE0B}.Release|Any CPU.Build.0 = Release|Any CPU
		{FAF834AA-2D6F-40DD-A0CD-C0E771AA3448}.Debug|Any CPU.ActiveCfg = Debug|Any CPU
		{FAF834AA-2D6F-40DD-A0CD-C0E771AA3448}.Debug|Any CPU.Build.0 = Debug|Any CPU
		{FAF834AA-2D6F-40DD-A0CD-C0E771AA3448}.Release|Any CPU.ActiveCfg = Release|Any CPU
		{FAF834AA-2D6F-40DD-A0CD-C0E771AA3448}.Release|Any CPU.Build.0 = Release|Any CPU
	EndGlobalSection
	GlobalSection(SolutionProperties) = preSolution
		HideSolutionNode = FALSE
	EndGlobalSection
	GlobalSection(NestedProjects) = preSolution
		{EB03DAFB-48D8-422C-B662-836F20C2B96F} = {A8248CA6-02BF-4B7E-B5D8-0146F29AD8F6}
		{30307677-4803-467B-8945-2640CF38DFB3} = {9CE58834-8D36-43B4-9F24-0224D95FB12F}
		{6B2F408C-7ACF-4BC3-927A-9584F9E8B034} = {9CE58834-8D36-43B4-9F24-0224D95FB12F}
		{22F1CDAF-4E42-4A74-9A2D-4F6BD3F77A53} = {67EFEC41-4672-4AD4-9686-9933AE22D059}
		{636E8235-F716-4928-9D50-D3B52B33FFA6} = {67EFEC41-4672-4AD4-9686-9933AE22D059}
		{4C817C2C-E2BF-4F9F-B53F-1DDE4EFFEB36} = {67EFEC41-4672-4AD4-9686-9933AE22D059}
		{50896FA4-272C-403E-BDCA-FE6C07C3ED20} = {9CE58834-8D36-43B4-9F24-0224D95FB12F}
		{64851D27-4139-4933-95AD-1821E87E3BEE} = {9CE58834-8D36-43B4-9F24-0224D95FB12F}
		{CDCBF2C8-A840-4362-9AF3-7D47447119B7} = {9CE58834-8D36-43B4-9F24-0224D95FB12F}
		{D663F469-F533-474C-AACF-3DB11C73D9E2} = {A8248CA6-02BF-4B7E-B5D8-0146F29AD8F6}
		{361F74AD-0C4E-4714-9D7C-D38D4FDBCDC9} = {9CE58834-8D36-43B4-9F24-0224D95FB12F}
		{B70290F6-0355-4798-AD19-279FBCDFDF5A} = {A8248CA6-02BF-4B7E-B5D8-0146F29AD8F6}
		{0988C62E-247F-471F-A183-DB509C7A3839} = {67EFEC41-4672-4AD4-9686-9933AE22D059}
		{B9D9795D-24C1-4D38-8DE5-A7A4C10FF24D} = {9CE58834-8D36-43B4-9F24-0224D95FB12F}
		{22EDACAC-530E-4383-89CB-FC8CEB4916ED} = {4D41D7E2-CE99-44F0-AA01-E1E4792368F8}
		{9D0568A9-A3F3-4AB6-A4A1-CD06FCE731CE} = {4D41D7E2-CE99-44F0-AA01-E1E4792368F8}
		{E758C074-E3B5-4B7C-A400-B890E7E0AE0B} = {4D41D7E2-CE99-44F0-AA01-E1E4792368F8}
		{FAF834AA-2D6F-40DD-A0CD-C0E771AA3448} = {4D41D7E2-CE99-44F0-AA01-E1E4792368F8}
	EndGlobalSection
	GlobalSection(ExtensibilityGlobals) = postSolution
		SolutionGuid = {A9E8CE00-FA43-4737-BFA5-E8DC5497FA5A}
	EndGlobalSection
EndGlobal
